
# cargo-vet imports lock

[[publisher.cc]]
version = "1.0.89"
when = "2024-03-04"
user-id = 2915
user-login = "Amanieu"
user-name = "Amanieu d'Antras"

[[publisher.clap_derive]]
version = "4.5.24"
when = "2025-01-07"
user-id = 6743
user-login = "epage"
user-name = "Ed Page"

[[publisher.jobserver]]
version = "0.1.25"
when = "2022-09-23"
user-id = 1
user-login = "alexcrichton"
user-name = "Alex Crichton"

[[audits.bytecode-alliance.audits.icu_properties]]
who = "Nick Fitzgerald <fitzgen@gmail.com>"
criteria = "safe-to-deploy"
delta = "1.5.0 -> 1.5.1"

[[audits.bytecode-alliance.audits.idna]]
who = "Alex Crichton <alex@alexcrichton.com>"
criteria = "safe-to-deploy"
version = "0.3.0"
notes = """
This is a crate without unsafe code or usage of the standard library. The large
size of this crate comes from the large generated unicode tables file. This
crate is broadly used throughout the ecosystem and does not contain anything
suspicious.
"""

[[audits.bytecode-alliance.audits.jobserver]]
who = "Alex Crichton <alex@alexcrichton.com>"
criteria = "safe-to-deploy"
delta = "0.1.25 -> 0.1.32"

[[audits.bytecode-alliance.audits.libc]]
who = "Alex Crichton <alex@alexcrichton.com>"
criteria = "safe-to-deploy"
delta = "0.2.146 -> 0.2.147"
notes = "Only new type definitions and updating others for some platforms, no major changes"

[[audits.bytecode-alliance.audits.libc]]
who = "Alex Crichton <alex@alexcrichton.com>"
criteria = "safe-to-deploy"
delta = "0.2.153 -> 0.2.158"
notes = "More platforms, more definitions, more headers, it's still just `libc`"

[[audits.bytecode-alliance.audits.vcpkg]]
who = "Pat Hickey <phickey@fastly.com>"
criteria = "safe-to-deploy"
version = "0.2.15"
notes = "no build.rs, no macros, no unsafe. It reads the filesystem and makes copies of DLLs into OUT_DIR."

[audits.embark-studios.audits]

[[audits.google.audits.anstyle]]
who = "Yu-An Wang <wyuang@google.com>"
criteria = "safe-to-run"
version = "1.0.4"
aggregated-from = "https://chromium.googlesource.com/chromiumos/third_party/rust_crates/+/refs/heads/main/cargo-vet/audits.toml?format=TEXT"

[[audits.google.audits.anstyle]]
who = "Lukasz Anforowicz <lukasza@chromium.org>"
criteria = "safe-to-run"
delta = "1.0.4 -> 1.0.6"
aggregated-from = "https://chromium.googlesource.com/chromium/src/+/main/third_party/rust/chromium_crates_io/supply-chain/audits.toml?format=TEXT"

[[audits.google.audits.anstyle]]
who = "danakj <danakj@chromium.org>"
criteria = "safe-to-run"
delta = "1.0.6 -> 1.0.7"
aggregated-from = "https://chromium.googlesource.com/chromium/src/+/main/third_party/rust/chromium_crates_io/supply-chain/audits.toml?format=TEXT"

[[audits.google.audits.anstyle]]
who = "Lukasz Anforowicz <lukasza@chromium.org>"
criteria = "safe-to-run"
delta = "1.0.7 -> 1.0.8"
notes = "Only Cargo.toml changes in the 1.0.7 => 1.0.8 delta."
aggregated-from = "https://chromium.googlesource.com/chromium/src/+/main/third_party/rust/chromium_crates_io/supply-chain/audits.toml?format=TEXT"

[[audits.google.audits.anstyle]]
who = "Dustin J. Mitchell <djmitche@chromium.org>"
criteria = "safe-to-run"
delta = "1.0.8 -> 1.0.9"
notes = "No changes"
aggregated-from = "https://chromium.googlesource.com/chromium/src/+/main/third_party/rust/chromium_crates_io/supply-chain/audits.toml?format=TEXT"

[[audits.google.audits.anstyle]]
who = "Lukasz Anforowicz <lukasza@chromium.org>"
criteria = "safe-to-run"
delta = "1.0.9 -> 1.0.10"
notes = "Minor changes related to `write_str`."
aggregated-from = "https://chromium.googlesource.com/chromium/src/+/main/third_party/rust/chromium_crates_io/supply-chain/audits.toml?format=TEXT"

[[audits.google.audits.bitflags]]
who = "Justin Green <greenjustin@google.com>"
criteria = "safe-to-run"
version = "2.6.0"
aggregated-from = "https://chromium.googlesource.com/chromiumos/third_party/rust_crates/+/refs/heads/main/cargo-vet/audits.toml?format=TEXT"

[[audits.google.audits.bitflags]]
who = "Lukasz Anforowicz <lukasza@chromium.org>"
criteria = "safe-to-deploy"
delta = "2.6.0 -> 2.8.0"
notes = "No changes related to `unsafe impl ... bytemuck` pieces from `src/external.rs`."
aggregated-from = "https://chromium.googlesource.com/chromium/src/+/main/third_party/rust/chromium_crates_io/supply-chain/audits.toml?format=TEXT"

[[audits.google.audits.clap]]
who = "Lukasz Anforowicz <lukasza@chromium.org>"
criteria = "safe-to-deploy"
version = "4.5.15"
notes = '''
Grepped for `-i cipher`, `-i crypto`, `'\bfs\b'`, `'\bnet\b'`, `'\bunsafe\b'`
and there were no hits, except for `std::net::IpAddr` usage in
`examples/typed-derive.rs`.
'''
aggregated-from = "https://chromium.googlesource.com/chromium/src/+/main/third_party/rust/chromium_crates_io/supply-chain/audits.toml?format=TEXT"

[[audits.google.audits.clap]]
who = "danakj <danakj@chromium.org>"
criteria = "safe-to-deploy"
delta = "4.5.15 -> 4.5.17"
notes = "Minor code change and toml changes."
aggregated-from = "https://chromium.googlesource.com/chromium/src/+/main/third_party/rust/chromium_crates_io/supply-chain/audits.toml?format=TEXT"

[[audits.google.audits.clap]]
who = "Lukasz Anforowicz <lukasza@chromium.org>"
criteria = "safe-to-deploy"
delta = "4.5.17 -> 4.5.18"
aggregated-from = "https://chromium.googlesource.com/chromium/src/+/main/third_party/rust/chromium_crates_io/supply-chain/audits.toml?format=TEXT"

[[audits.google.audits.clap]]
who = "danakj <danakj@chromium.org>"
criteria = "safe-to-deploy"
delta = "4.5.18 -> 4.5.20"
notes = "Trivial changes"
aggregated-from = "https://chromium.googlesource.com/chromium/src/+/main/third_party/rust/chromium_crates_io/supply-chain/audits.toml?format=TEXT"

[[audits.google.audits.clap]]
who = "Adrian Taylor <adetaylor@chromium.org>"
criteria = "safe-to-run"
delta = "4.5.20 -> 4.5.21"
aggregated-from = "https://chromium.googlesource.com/chromium/src/+/main/third_party/rust/chromium_crates_io/supply-chain/audits.toml?format=TEXT"

[[audits.google.audits.clap]]
who = "Lukasz Anforowicz <lukasza@chromium.org>"
criteria = "safe-to-run"
delta = "4.5.21 -> 4.5.23"
aggregated-from = "https://chromium.googlesource.com/chromium/src/+/main/third_party/rust/chromium_crates_io/supply-chain/audits.toml?format=TEXT"

[[audits.google.audits.clap]]
who = "Lukasz Anforowicz <lukasza@chromium.org>"
criteria = "safe-to-run"
delta = "4.5.23 -> 4.5.27"
aggregated-from = "https://chromium.googlesource.com/chromium/src/+/main/third_party/rust/chromium_crates_io/supply-chain/audits.toml?format=TEXT"

[[audits.google.audits.clap_builder]]
who = "Lukasz Anforowicz <lukasza@chromium.org>"
criteria = "safe-to-deploy"
version = "4.5.15"
notes = '''
Grepped for `-i cipher`, `-i crypto`, `'\bfs\b'`, `'\bnet\b'`, `'\bunsafe\b'`
and there were no hits.
'''
aggregated-from = "https://chromium.googlesource.com/chromium/src/+/main/third_party/rust/chromium_crates_io/supply-chain/audits.toml?format=TEXT"

[[audits.google.audits.clap_builder]]
who = "danakj <danakj@chromium.org>"
criteria = "safe-to-deploy"
delta = "4.5.15 -> 4.5.17"
notes = "No new unsafe, net, fs"
aggregated-from = "https://chromium.googlesource.com/chromium/src/+/main/third_party/rust/chromium_crates_io/supply-chain/audits.toml?format=TEXT"

[[audits.google.audits.clap_builder]]
who = "Lukasz Anforowicz <lukasza@chromium.org>"
criteria = "safe-to-deploy"
delta = "4.5.17 -> 4.5.18"
aggregated-from = "https://chromium.googlesource.com/chromium/src/+/main/third_party/rust/chromium_crates_io/supply-chain/audits.toml?format=TEXT"

[[audits.google.audits.clap_builder]]
who = "danakj <danakj@chromium.org>"
criteria = "safe-to-run"
delta = "4.5.18 -> 4.5.20"
notes = "No new unsafe"
aggregated-from = "https://chromium.googlesource.com/chromium/src/+/main/third_party/rust/chromium_crates_io/supply-chain/audits.toml?format=TEXT"

[[audits.google.audits.clap_builder]]
who = "Adrian Taylor <adetaylor@chromium.org>"
criteria = "safe-to-run"
delta = "4.5.20 -> 4.5.21"
aggregated-from = "https://chromium.googlesource.com/chromium/src/+/main/third_party/rust/chromium_crates_io/supply-chain/audits.toml?format=TEXT"

[[audits.google.audits.clap_builder]]
who = "Lukasz Anforowicz <lukasza@chromium.org>"
criteria = "safe-to-run"
delta = "4.5.21 -> 4.5.23"
aggregated-from = "https://chromium.googlesource.com/chromium/src/+/main/third_party/rust/chromium_crates_io/supply-chain/audits.toml?format=TEXT"

[[audits.google.audits.clap_builder]]
who = "Lukasz Anforowicz <lukasza@chromium.org>"
criteria = "safe-to-run"
delta = "4.5.23 -> 4.5.27"
aggregated-from = "https://chromium.googlesource.com/chromium/src/+/main/third_party/rust/chromium_crates_io/supply-chain/audits.toml?format=TEXT"

[[audits.google.audits.clap_lex]]
who = "Ying Hsu <yinghsu@chromium.org>"
criteria = "safe-to-run"
version = "0.7.0"
aggregated-from = "https://chromium.googlesource.com/chromiumos/third_party/rust_crates/+/refs/heads/main/cargo-vet/audits.toml?format=TEXT"

[[audits.google.audits.clap_lex]]
who = "Adrian Taylor <adetaylor@chromium.org>"
criteria = "safe-to-run"
delta = "0.7.0 -> 0.7.1"
aggregated-from = "https://chromium.googlesource.com/chromium/src/+/main/third_party/rust/chromium_crates_io/supply-chain/audits.toml?format=TEXT"

[[audits.google.audits.clap_lex]]
who = "Lukasz Anforowicz <lukasza@chromium.org>"
criteria = "safe-to-run"
delta = "0.7.1 -> 0.7.2"
notes = "No `.rs` changes in the delta."
aggregated-from = "https://chromium.googlesource.com/chromium/src/+/main/third_party/rust/chromium_crates_io/supply-chain/audits.toml?format=TEXT"

[[audits.google.audits.clap_lex]]
who = "Adrian Taylor <adetaylor@chromium.org>"
criteria = "safe-to-run"
delta = "0.7.2 -> 0.7.3"
aggregated-from = "https://chromium.googlesource.com/chromium/src/+/main/third_party/rust/chromium_crates_io/supply-chain/audits.toml?format=TEXT"

[[audits.google.audits.clap_lex]]
who = "Lukasz Anforowicz <lukasza@chromium.org>"
criteria = "safe-to-run"
delta = "0.7.3 -> 0.7.4"
aggregated-from = "https://chromium.googlesource.com/chromium/src/+/main/third_party/rust/chromium_crates_io/supply-chain/audits.toml?format=TEXT"

[[audits.google.audits.displaydoc]]
who = "George Burgess IV <gbiv@google.com>"
criteria = "safe-to-run"
version = "0.2.5"
aggregated-from = "https://chromium.googlesource.com/chromiumos/third_party/rust_crates/+/refs/heads/main/cargo-vet/audits.toml?format=TEXT"

[[audits.google.audits.heck]]
who = "Ying Hsu <yinghsu@chromium.org>"
criteria = "safe-to-run"
version = "0.5.0"
aggregated-from = "https://chromium.googlesource.com/chromiumos/third_party/rust_crates/+/refs/heads/main/cargo-vet/audits.toml?format=TEXT"

[[audits.google.audits.icu_locid_transform]]
who = "George Burgess IV <gbiv@google.com>"
criteria = "safe-to-run"
version = "1.5.0"
aggregated-from = "https://chromium.googlesource.com/chromiumos/third_party/rust_crates/+/refs/heads/main/cargo-vet/audits.toml?format=TEXT"

[[audits.google.audits.icu_locid_transform_data]]
who = "George Burgess IV <gbiv@google.com>"
criteria = "safe-to-run"
version = "1.5.0"
aggregated-from = "https://chromium.googlesource.com/chromiumos/third_party/rust_crates/+/refs/heads/main/cargo-vet/audits.toml?format=TEXT"

[[audits.google.audits.icu_normalizer_data]]
who = "George Burgess IV <gbiv@google.com>"
criteria = "safe-to-run"
version = "1.5.0"
aggregated-from = "https://chromium.googlesource.com/chromiumos/third_party/rust_crates/+/refs/heads/main/cargo-vet/audits.toml?format=TEXT"

[[audits.google.audits.icu_provider]]
who = "George Burgess IV <gbiv@google.com>"
criteria = "safe-to-run"
version = "1.5.0"
notes = """
This crate contains a custom impl of FxHash. The maintainers needed a custom
hashing function that was `const` and self-contained. Since FxHash isn't built
to be crypto secure, this does-not-implement-crypto.
"""
aggregated-from = "https://chromium.googlesource.com/chromiumos/third_party/rust_crates/+/refs/heads/main/cargo-vet/audits.toml?format=TEXT"

[[audits.google.audits.icu_provider_macros]]
who = "George Burgess IV <gbiv@google.com>"
criteria = "safe-to-run"
version = "1.5.0"
aggregated-from = "https://chromium.googlesource.com/chromiumos/third_party/rust_crates/+/refs/heads/main/cargo-vet/audits.toml?format=TEXT"

[[audits.google.audits.idna]]
who = "George Burgess IV <gbiv@google.com>"
criteria = "safe-to-run"
delta = "0.3.0 -> 1.0.3"
aggregated-from = "https://chromium.googlesource.com/chromiumos/third_party/rust_crates/+/refs/heads/main/cargo-vet/audits.toml?format=TEXT"

[[audits.google.audits.idna_adapter]]
who = "George Burgess IV <gbiv@google.com>"
criteria = "safe-to-run"
version = "1.2.0"
aggregated-from = "https://chromium.googlesource.com/chromiumos/third_party/rust_crates/+/refs/heads/main/cargo-vet/audits.toml?format=TEXT"

[[audits.google.audits.libc]]
who = "George Burgess IV <gbiv@google.com>"
criteria = "safe-to-run"
version = "0.2.146"
notes = """
Much like the getrandom crate, this exports interfaces to APIs which perform
crypto, but does not implement any crypto itself.
"""
aggregated-from = "https://chromium.googlesource.com/chromiumos/third_party/rust_crates/+/refs/heads/main/cargo-vet/audits.toml?format=TEXT"

[[audits.google.audits.libc]]
who = "Daniel Verkamp <dverkamp@chromium.org>"
criteria = "safe-to-run"
delta = "0.2.147 -> 0.2.153"
aggregated-from = "https://chromium.googlesource.com/chromiumos/third_party/rust_crates/+/refs/heads/main/cargo-vet/audits.toml?format=TEXT"

[[audits.google.audits.litemap]]
who = "George Burgess IV <gbiv@google.com>"
criteria = "safe-to-run"
version = "0.7.4"
aggregated-from = "https://chromium.googlesource.com/chromiumos/third_party/rust_crates/+/refs/heads/main/cargo-vet/audits.toml?format=TEXT"

[[audits.google.audits.log]]
who = "danakj <danakj@chromium.org>"
criteria = "safe-to-deploy"
version = "0.4.22"
notes = """
Unsafe review in https://docs.google.com/document/d/1IXQbD1GhTRqNHIGxq6yy7qHqxeO4CwN5noMFXnqyDIM/edit?usp=sharing

Unsafety is generally very well-documented, with one exception, which we
describe in the review doc.
"""
aggregated-from = "https://chromium.googlesource.com/chromium/src/+/main/third_party/rust/chromium_crates_io/supply-chain/audits.toml?format=TEXT"

[[audits.google.audits.log]]
who = "Lukasz Anforowicz <lukasza@chromium.org>"
criteria = "safe-to-deploy"
delta = "0.4.22 -> 0.4.25"
notes = "No impact on `unsafe` usage in `lib.rs`."
aggregated-from = "https://chromium.googlesource.com/chromium/src/+/main/third_party/rust/chromium_crates_io/supply-chain/audits.toml?format=TEXT"

[[audits.google.audits.percent-encoding]]
who = "ChromeOS"
criteria = "safe-to-run"
version = "2.2.0"
aggregated-from = "https://chromium.googlesource.com/chromiumos/third_party/rust_crates/+/refs/heads/main/cargo-vet/audits.toml?format=TEXT"

[[audits.google.audits.percent-encoding]]
who = "George Burgess IV <gbiv@google.com>"
criteria = "safe-to-run"
delta = "2.2.0 -> 2.3.0"
aggregated-from = "https://chromium.googlesource.com/chromiumos/third_party/rust_crates/+/refs/heads/main/cargo-vet/audits.toml?format=TEXT"

[[audits.google.audits.pkg-config]]
who = "Justin Green <greenjustin@google.com>"
criteria = "safe-to-run"
version = "0.3.31"
aggregated-from = "https://chromium.googlesource.com/chromiumos/third_party/rust_crates/+/refs/heads/main/cargo-vet/audits.toml?format=TEXT"

[[audits.google.audits.proc-macro2]]
who = "Ying Hsu <yinghsu@chromium.org>"
criteria = "safe-to-run"
version = "1.0.79"
aggregated-from = "https://chromium.googlesource.com/chromiumos/third_party/rust_crates/+/refs/heads/main/cargo-vet/audits.toml?format=TEXT"

[[audits.google.audits.proc-macro2]]
who = "Hung-Hsien Chen <hunghsienchen@chromium.org>"
criteria = "safe-to-run"
delta = "1.0.79 -> 1.0.86"
aggregated-from = "https://chromium.googlesource.com/chromiumos/third_party/rust_crates/+/refs/heads/main/cargo-vet/audits.toml?format=TEXT"

[[audits.google.audits.proc-macro2]]
who = "danakj <danakj@chromium.org>"
criteria = "safe-to-deploy"
delta = "1.0.86 -> 1.0.87"
notes = "No new unsafe interactions."
aggregated-from = "https://chromium.googlesource.com/chromium/src/+/main/third_party/rust/chromium_crates_io/supply-chain/audits.toml?format=TEXT"

[[audits.google.audits.proc-macro2]]
who = "Liza Burakova <liza@chromium.org"
criteria = "safe-to-deploy"
delta = "1.0.87 -> 1.0.89"
notes = """
Biggest change is adding error handling in build.rs.
Some config related changes in wrapper.rs.
"""
aggregated-from = "https://chromium.googlesource.com/chromium/src/+/main/third_party/rust/chromium_crates_io/supply-chain/audits.toml?format=TEXT"

[[audits.google.audits.proc-macro2]]
who = "Lukasz Anforowicz <lukasza@chromium.org>"
criteria = "safe-to-deploy"
delta = "1.0.89 -> 1.0.92"
notes = """
I looked at the delta and the previous discussion at
https://chromium-review.googlesource.com/c/chromium/src/+/5385745/3#message-a8e2813129fa3779dab15acede408ee26d67b7f3
and the changes look okay to me (including the `unsafe fn from_str_unchecked`
changes in `wrapper.rs`).
"""
aggregated-from = "https://chromium.googlesource.com/chromium/src/+/main/third_party/rust/chromium_crates_io/supply-chain/audits.toml?format=TEXT"

[[audits.google.audits.proc-macro2]]
who = "Lukasz Anforowicz <lukasza@chromium.org>"
criteria = "safe-to-deploy"
delta = "1.0.92 -> 1.0.93"
notes = "No `unsafe`-related changes."
aggregated-from = "https://chromium.googlesource.com/chromium/src/+/main/third_party/rust/chromium_crates_io/supply-chain/audits.toml?format=TEXT"

[[audits.google.audits.quote]]
who = "Ying Hsu <yinghsu@chromium.org>"
criteria = "safe-to-run"
version = "1.0.36"
aggregated-from = "https://chromium.googlesource.com/chromiumos/third_party/rust_crates/+/refs/heads/main/cargo-vet/audits.toml?format=TEXT"

[[audits.google.audits.quote]]
who = "Lukasz Anforowicz <lukasza@chromium.org>"
criteria = "safe-to-deploy"
delta = "1.0.36 -> 1.0.37"
notes = """
The delta just 1) inlines/expands `impl ToTokens` that used to be handled via
`primitive!` macro and 2) adds `impl ToTokens` for `CStr` and `CString`.
"""
aggregated-from = "https://chromium.googlesource.com/chromium/src/+/main/third_party/rust/chromium_crates_io/supply-chain/audits.toml?format=TEXT"

[[audits.google.audits.quote]]
who = "Dustin J. Mitchell <djmitche@chromium.org>"
criteria = "safe-to-deploy"
delta = "1.0.37 -> 1.0.38"
notes = "Still no unsafe"
aggregated-from = "https://chromium.googlesource.com/chromium/src/+/main/third_party/rust/chromium_crates_io/supply-chain/audits.toml?format=TEXT"

[[audits.google.audits.serde]]
who = "Lukasz Anforowicz <lukasza@chromium.org>"
criteria = "safe-to-deploy"
version = "1.0.197"
notes = """
Grepped for `-i cipher`, `-i crypto`, `'\bfs\b'`, `'\bnet\b'`, `'\bunsafe\b'`.

There were some hits for `net`, but they were related to serialization and
not actually opening any connections or anything like that.

There were 2 hits of `unsafe` when grepping:
* In `fn as_str` in `impl Buf`
* In `fn serialize` in `impl Serialize for net::Ipv4Addr`

Unsafe review comments can be found in https://crrev.com/c/5350573/2 (this
review also covered `serde_json_lenient`).

Version 1.0.130 of the crate has been added to Chromium in
https://crrev.com/c/3265545.  The CL description contains a link to a
(Google-internal, sorry) document with a mini security review.
"""
aggregated-from = "https://chromium.googlesource.com/chromium/src/+/main/third_party/rust/chromium_crates_io/supply-chain/audits.toml?format=TEXT"

[[audits.google.audits.serde]]
who = "Dustin J. Mitchell <djmitche@chromium.org>"
criteria = "safe-to-deploy"
delta = "1.0.197 -> 1.0.198"
aggregated-from = "https://chromium.googlesource.com/chromium/src/+/main/third_party/rust/chromium_crates_io/supply-chain/audits.toml?format=TEXT"

[[audits.google.audits.serde]]
who = "danakj <danakj@chromium.org>"
criteria = "safe-to-deploy"
delta = "1.0.198 -> 1.0.201"
aggregated-from = "https://chromium.googlesource.com/chromium/src/+/main/third_party/rust/chromium_crates_io/supply-chain/audits.toml?format=TEXT"

[[audits.google.audits.serde]]
who = "Dustin J. Mitchell <djmitche@chromium.org>"
criteria = "safe-to-deploy"
delta = "1.0.201 -> 1.0.202"
notes = "Trivial changes"
aggregated-from = "https://chromium.googlesource.com/chromium/src/+/main/third_party/rust/chromium_crates_io/supply-chain/audits.toml?format=TEXT"

[[audits.google.audits.serde]]
who = "Lukasz Anforowicz <lukasza@chromium.org>"
criteria = "safe-to-deploy"
delta = "1.0.202 -> 1.0.203"
notes = "s/doc_cfg/docsrs/ + tuple_impls/tuple_impl_body-related changes"
aggregated-from = "https://chromium.googlesource.com/chromium/src/+/main/third_party/rust/chromium_crates_io/supply-chain/audits.toml?format=TEXT"

[[audits.google.audits.serde]]
who = "Adrian Taylor <adetaylor@chromium.org>"
criteria = "safe-to-deploy"
delta = "1.0.203 -> 1.0.204"
aggregated-from = "https://chromium.googlesource.com/chromium/src/+/main/third_party/rust/chromium_crates_io/supply-chain/audits.toml?format=TEXT"

[[audits.google.audits.serde]]
who = "Lukasz Anforowicz <lukasza@chromium.org>"
criteria = "safe-to-deploy"
delta = "1.0.204 -> 1.0.207"
notes = "The small change in `src/private/ser.rs` should have no impact on `ub-risk-2`."
aggregated-from = "https://chromium.googlesource.com/chromium/src/+/main/third_party/rust/chromium_crates_io/supply-chain/audits.toml?format=TEXT"

[[audits.google.audits.serde]]
who = "Lukasz Anforowicz <lukasza@chromium.org>"
criteria = "safe-to-deploy"
delta = "1.0.207 -> 1.0.209"
notes = """
The delta carries fairly small changes in `src/private/de.rs` and
`src/private/ser.rs` (see https://crrev.com/c/5812194/2..5).  AFAICT the
delta has no impact on the `unsafe`, `from_utf8_unchecked`-related parts
of the crate (in `src/de/format.rs` and `src/ser/impls.rs`).
"""
aggregated-from = "https://chromium.googlesource.com/chromium/src/+/main/third_party/rust/chromium_crates_io/supply-chain/audits.toml?format=TEXT"

[[audits.google.audits.serde]]
who = "Adrian Taylor <adetaylor@chromium.org>"
criteria = "safe-to-deploy"
delta = "1.0.209 -> 1.0.210"
notes = "Almost no new code - just feature rearrangement"
aggregated-from = "https://chromium.googlesource.com/chromium/src/+/main/third_party/rust/chromium_crates_io/supply-chain/audits.toml?format=TEXT"

[[audits.google.audits.serde]]
who = "Liza Burakova <liza@chromium.org>"
criteria = "safe-to-deploy"
delta = "1.0.210 -> 1.0.213"
aggregated-from = "https://chromium.googlesource.com/chromium/src/+/main/third_party/rust/chromium_crates_io/supply-chain/audits.toml?format=TEXT"

[[audits.google.audits.serde]]
who = "Dustin J. Mitchell <djmitche@chromium.org>"
criteria = "safe-to-deploy"
delta = "1.0.213 -> 1.0.214"
notes = "No unsafe, no crypto"
aggregated-from = "https://chromium.googlesource.com/chromium/src/+/main/third_party/rust/chromium_crates_io/supply-chain/audits.toml?format=TEXT"

[[audits.google.audits.serde]]
who = "Adrian Taylor <adetaylor@chromium.org>"
criteria = "safe-to-deploy"
delta = "1.0.214 -> 1.0.215"
aggregated-from = "https://chromium.googlesource.com/chromium/src/+/main/third_party/rust/chromium_crates_io/supply-chain/audits.toml?format=TEXT"

[[audits.google.audits.serde]]
who = "Lukasz Anforowicz <lukasza@chromium.org>"
criteria = "safe-to-deploy"
delta = "1.0.215 -> 1.0.216"
notes = "The delta makes minor changes in `build.rs` - switching to the `?` syntax sugar."
aggregated-from = "https://chromium.googlesource.com/chromium/src/+/main/third_party/rust/chromium_crates_io/supply-chain/audits.toml?format=TEXT"

[[audits.google.audits.serde]]
who = "Dustin J. Mitchell <djmitche@chromium.org>"
criteria = "safe-to-deploy"
delta = "1.0.216 -> 1.0.217"
notes = "Minimal changes, nothing unsafe"
aggregated-from = "https://chromium.googlesource.com/chromium/src/+/main/third_party/rust/chromium_crates_io/supply-chain/audits.toml?format=TEXT"

[[audits.google.audits.serde_derive]]
who = "Lukasz Anforowicz <lukasza@chromium.org>"
criteria = "safe-to-deploy"
version = "1.0.197"
notes = "Grepped for \"unsafe\", \"crypt\", \"cipher\", \"fs\", \"net\" - there were no hits"
aggregated-from = "https://chromium.googlesource.com/chromium/src/+/main/third_party/rust/chromium_crates_io/supply-chain/audits.toml?format=TEXT"

[[audits.google.audits.serde_derive]]
who = "danakj <danakj@chromium.org>"
criteria = "safe-to-deploy"
delta = "1.0.197 -> 1.0.201"
aggregated-from = "https://chromium.googlesource.com/chromium/src/+/main/third_party/rust/chromium_crates_io/supply-chain/audits.toml?format=TEXT"

[[audits.google.audits.serde_derive]]
who = "Dustin J. Mitchell <djmitche@chromium.org>"
criteria = "safe-to-deploy"
delta = "1.0.201 -> 1.0.202"
aggregated-from = "https://chromium.googlesource.com/chromium/src/+/main/third_party/rust/chromium_crates_io/supply-chain/audits.toml?format=TEXT"

[[audits.google.audits.serde_derive]]
who = "Lukasz Anforowicz <lukasza@chromium.org>"
criteria = "safe-to-deploy"
delta = "1.0.202 -> 1.0.203"
notes = "Grepped for \"unsafe\", \"crypt\", \"cipher\", \"fs\", \"net\" - there were no hits"
aggregated-from = "https://chromium.googlesource.com/chromium/src/+/main/third_party/rust/chromium_crates_io/supply-chain/audits.toml?format=TEXT"

[[audits.google.audits.serde_derive]]
who = "Adrian Taylor <adetaylor@chromium.org>"
criteria = "safe-to-deploy"
delta = "1.0.203 -> 1.0.204"
aggregated-from = "https://chromium.googlesource.com/chromium/src/+/main/third_party/rust/chromium_crates_io/supply-chain/audits.toml?format=TEXT"

[[audits.google.audits.serde_derive]]
who = "Lukasz Anforowicz <lukasza@chromium.org>"
criteria = "safe-to-deploy"
delta = "1.0.204 -> 1.0.207"
notes = 'Grepped for \"unsafe\", \"crypt\", \"cipher\", \"fs\", \"net\" - there were no hits'
aggregated-from = "https://chromium.googlesource.com/chromium/src/+/main/third_party/rust/chromium_crates_io/supply-chain/audits.toml?format=TEXT"

[[audits.google.audits.serde_derive]]
who = "Lukasz Anforowicz <lukasza@chromium.org>"
criteria = "safe-to-deploy"
delta = "1.0.207 -> 1.0.209"
notes = '''
There are no code changes in this delta - see https://crrev.com/c/5812194/2..5

I've neverthless also grepped for `-i cipher`, `-i crypto`, `\bfs\b`,
`\bnet\b`, and `\bunsafe\b`.  There were no hits.
'''
aggregated-from = "https://chromium.googlesource.com/chromium/src/+/main/third_party/rust/chromium_crates_io/supply-chain/audits.toml?format=TEXT"

[[audits.google.audits.serde_derive]]
who = "Adrian Taylor <adetaylor@chromium.org>"
criteria = "safe-to-deploy"
delta = "1.0.209 -> 1.0.210"
notes = "Almost no new code - just feature rearrangement"
aggregated-from = "https://chromium.googlesource.com/chromium/src/+/main/third_party/rust/chromium_crates_io/supply-chain/audits.toml?format=TEXT"

[[audits.google.audits.serde_derive]]
who = "Liza Burakova <liza@chromium.org>"
criteria = "safe-to-deploy"
delta = "1.0.210 -> 1.0.213"
notes = "Grepped for 'unsafe', 'crypt', 'cipher', 'fs', 'net' - there were no hits"
aggregated-from = "https://chromium.googlesource.com/chromium/src/+/main/third_party/rust/chromium_crates_io/supply-chain/audits.toml?format=TEXT"

[[audits.google.audits.serde_derive]]
who = "Dustin J. Mitchell <djmitche@chromium.org>"
criteria = "safe-to-deploy"
delta = "1.0.213 -> 1.0.214"
notes = "No changes to unsafe, no crypto"
aggregated-from = "https://chromium.googlesource.com/chromium/src/+/main/third_party/rust/chromium_crates_io/supply-chain/audits.toml?format=TEXT"

[[audits.google.audits.serde_derive]]
who = "Adrian Taylor <adetaylor@chromium.org>"
criteria = "safe-to-deploy"
delta = "1.0.214 -> 1.0.215"
notes = "Minor changes should not impact UB risk"
aggregated-from = "https://chromium.googlesource.com/chromium/src/+/main/third_party/rust/chromium_crates_io/supply-chain/audits.toml?format=TEXT"

[[audits.google.audits.serde_derive]]
who = "Lukasz Anforowicz <lukasza@chromium.org>"
criteria = "safe-to-deploy"
delta = "1.0.215 -> 1.0.216"
notes = "The delta adds `#[automatically_derived]` in a few places.  Still no `unsafe`."
aggregated-from = "https://chromium.googlesource.com/chromium/src/+/main/third_party/rust/chromium_crates_io/supply-chain/audits.toml?format=TEXT"

[[audits.google.audits.serde_derive]]
who = "Dustin J. Mitchell <djmitche@chromium.org>"
criteria = "safe-to-deploy"
delta = "1.0.216 -> 1.0.217"
notes = "No changes"
aggregated-from = "https://chromium.googlesource.com/chromium/src/+/main/third_party/rust/chromium_crates_io/supply-chain/audits.toml?format=TEXT"

[[audits.google.audits.shlex]]
who = "George Burgess IV <gbiv@google.com>"
criteria = "safe-to-run"
version = "1.1.0"
aggregated-from = "https://chromium.googlesource.com/chromiumos/third_party/rust_crates/+/refs/heads/main/cargo-vet/audits.toml?format=TEXT"

[[audits.google.audits.shlex]]
who = "Daniel Verkamp <dverkamp@chromium.org>"
criteria = "safe-to-run"
delta = "1.1.0 -> 1.3.0"
aggregated-from = "https://chromium.googlesource.com/chromiumos/third_party/rust_crates/+/refs/heads/main/cargo-vet/audits.toml?format=TEXT"

[[audits.google.audits.smallvec]]
who = "Android Legacy"
criteria = "safe-to-run"
version = "1.6.1"
aggregated-from = "https://chromium.googlesource.com/chromiumos/third_party/rust_crates/+/refs/heads/main/cargo-vet/audits.toml?format=TEXT"

[[audits.google.audits.smallvec]]
who = "George Burgess IV <gbiv@google.com>"
criteria = "safe-to-run"
delta = "1.10.0 -> 1.13.2"
aggregated-from = "https://chromium.googlesource.com/chromiumos/third_party/rust_crates/+/refs/heads/main/cargo-vet/audits.toml?format=TEXT"

[[audits.google.audits.stable_deref_trait]]
who = "George Burgess IV <gbiv@google.com>"
criteria = "safe-to-run"
version = "1.2.0"
aggregated-from = "https://chromium.googlesource.com/chromiumos/third_party/rust_crates/+/refs/heads/main/cargo-vet/audits.toml?format=TEXT"

[[audits.google.audits.syn]]
who = "Ying Hsu <yinghsu@chromium.org>"
criteria = "safe-to-run"
version = "2.0.58"
aggregated-from = "https://chromium.googlesource.com/chromiumos/third_party/rust_crates/+/refs/heads/main/cargo-vet/audits.toml?format=TEXT"

[[audits.google.audits.syn]]
who = "Hung-Hsien Chen <hunghsienchen@chromium.org>"
criteria = "safe-to-run"
delta = "2.0.58 -> 2.0.77"
aggregated-from = "https://chromium.googlesource.com/chromiumos/third_party/rust_crates/+/refs/heads/main/cargo-vet/audits.toml?format=TEXT"

[[audits.google.audits.syn]]
who = "Nicholas Bishop <nicholasbishop@google.com>"
criteria = "safe-to-run"
delta = "2.0.77 -> 2.0.87"
aggregated-from = "https://chromium.googlesource.com/chromiumos/third_party/rust_crates/+/refs/heads/main/cargo-vet/audits.toml?format=TEXT"

[[audits.google.audits.synstructure]]
who = "George Burgess IV <gbiv@google.com>"
criteria = "safe-to-run"
version = "0.12.4"
aggregated-from = "https://chromium.googlesource.com/chromiumos/third_party/rust_crates/+/refs/heads/main/cargo-vet/audits.toml?format=TEXT"

[[audits.google.audits.synstructure]]
who = "George Burgess IV <gbiv@google.com>"
criteria = "safe-to-run"
delta = "0.12.4 -> 0.13.1"
aggregated-from = "https://chromium.googlesource.com/chromiumos/third_party/rust_crates/+/refs/heads/main/cargo-vet/audits.toml?format=TEXT"

[[audits.google.audits.tinystr]]
who = "George Burgess IV <gbiv@google.com>"
criteria = "safe-to-run"
version = "0.7.6"
aggregated-from = "https://chromium.googlesource.com/chromiumos/third_party/rust_crates/+/refs/heads/main/cargo-vet/audits.toml?format=TEXT"

[[audits.google.audits.unicode-ident]]
who = "Lukasz Anforowicz <lukasza@chromium.org>"
criteria = "safe-to-deploy"
version = "1.0.12"
notes = '''
I grepped for \"crypt\", \"cipher\", \"fs\", \"net\" - there were no hits.

All two functions from the public API of this crate use `unsafe` to avoid bound
checks for an array access.  Cross-module analysis shows that the offsets can
be statically proven to be within array bounds.  More details can be found in
the unsafe review CL at https://crrev.com/c/5350386.

This crate has been added to Chromium in https://crrev.com/c/3891618.
'''
aggregated-from = "https://chromium.googlesource.com/chromium/src/+/main/third_party/rust/chromium_crates_io/supply-chain/audits.toml?format=TEXT"

[[audits.google.audits.unicode-ident]]
who = "Dustin J. Mitchell <djmitche@chromium.org>"
criteria = "safe-to-deploy"
delta = "1.0.12 -> 1.0.13"
notes = "Lots of table updates, and tables are assumed correct with unsafe `.get_unchecked()`, so ub-risk-2 is appropriate"
aggregated-from = "https://chromium.googlesource.com/chromium/src/+/main/third_party/rust/chromium_crates_io/supply-chain/audits.toml?format=TEXT"

[[audits.google.audits.unicode-ident]]
who = "Lukasz Anforowicz <lukasza@chromium.org>"
criteria = "safe-to-deploy"
delta = "1.0.13 -> 1.0.14"
notes = "Minimal delta in `.rs` files: new test assertions + doc changes."
aggregated-from = "https://chromium.googlesource.com/chromium/src/+/main/third_party/rust/chromium_crates_io/supply-chain/audits.toml?format=TEXT"

[[audits.google.audits.unicode-ident]]
who = "Adrian Taylor <adetaylor@chromium.org>"
criteria = "safe-to-deploy"
delta = "1.0.14 -> 1.0.15"
notes = "No changes relevant to any of these criteria."
aggregated-from = "https://chromium.googlesource.com/chromium/src/+/main/third_party/rust/chromium_crates_io/supply-chain/audits.toml?format=TEXT"

[[audits.google.audits.utf16_iter]]
who = "George Burgess IV <gbiv@google.com>"
criteria = "safe-to-run"
version = "1.0.5"
aggregated-from = "https://chromium.googlesource.com/chromiumos/third_party/rust_crates/+/refs/heads/main/cargo-vet/audits.toml?format=TEXT"

[[audits.google.audits.utf8_iter]]
who = "George Burgess IV <gbiv@google.com>"
criteria = "safe-to-run"
version = "1.0.4"
aggregated-from = "https://chromium.googlesource.com/chromiumos/third_party/rust_crates/+/refs/heads/main/cargo-vet/audits.toml?format=TEXT"

[[audits.google.audits.write16]]
who = "George Burgess IV <gbiv@google.com>"
criteria = "safe-to-run"
version = "1.0.0"
aggregated-from = "https://chromium.googlesource.com/chromiumos/third_party/rust_crates/+/refs/heads/main/cargo-vet/audits.toml?format=TEXT"

[[audits.google.audits.writeable]]
who = "George Burgess IV <gbiv@google.com>"
criteria = "safe-to-run"
version = "0.5.5"
aggregated-from = "https://chromium.googlesource.com/chromiumos/third_party/rust_crates/+/refs/heads/main/cargo-vet/audits.toml?format=TEXT"

[[audits.google.audits.yoke]]
who = "George Burgess IV <gbiv@google.com>"
criteria = "safe-to-run"
version = "0.7.5"
aggregated-from = "https://chromium.googlesource.com/chromiumos/third_party/rust_crates/+/refs/heads/main/cargo-vet/audits.toml?format=TEXT"

[[audits.google.audits.yoke-derive]]
who = "George Burgess IV <gbiv@google.com>"
criteria = "safe-to-run"
version = "0.7.5"
aggregated-from = "https://chromium.googlesource.com/chromiumos/third_party/rust_crates/+/refs/heads/main/cargo-vet/audits.toml?format=TEXT"

[[audits.google.audits.zerofrom]]
who = "George Burgess IV <gbiv@google.com>"
criteria = "safe-to-run"
version = "0.1.5"
aggregated-from = "https://chromium.googlesource.com/chromiumos/third_party/rust_crates/+/refs/heads/main/cargo-vet/audits.toml?format=TEXT"

[[audits.google.audits.zerofrom-derive]]
who = "George Burgess IV <gbiv@google.com>"
criteria = "safe-to-run"
version = "0.1.5"
aggregated-from = "https://chromium.googlesource.com/chromiumos/third_party/rust_crates/+/refs/heads/main/cargo-vet/audits.toml?format=TEXT"

[[audits.google.audits.zerovec-derive]]
who = "George Burgess IV <gbiv@google.com>"
criteria = "safe-to-run"
version = "0.10.3"
aggregated-from = "https://chromium.googlesource.com/chromiumos/third_party/rust_crates/+/refs/heads/main/cargo-vet/audits.toml?format=TEXT"

[[audits.mozilla.audits.cc]]
who = "Erich Gubler <erichdongubler@gmail.com>"
criteria = "safe-to-deploy"
delta = "1.0.89 -> 1.2.10"
aggregated-from = "https://hg.mozilla.org/mozilla-central/raw-file/tip/supply-chain/audits.toml"

[[audits.mozilla.audits.form_urlencoded]]
who = "Valentin Gosu <valentin.gosu@gmail.com>"
criteria = "safe-to-deploy"
version = "1.2.0"
aggregated-from = "https://hg.mozilla.org/mozilla-central/raw-file/tip/supply-chain/audits.toml"

[[audits.mozilla.audits.form_urlencoded]]
who = "Valentin Gosu <valentin.gosu@gmail.com>"
criteria = "safe-to-deploy"
delta = "1.2.0 -> 1.2.1"
aggregated-from = "https://hg.mozilla.org/mozilla-central/raw-file/tip/supply-chain/audits.toml"

[[audits.mozilla.audits.icu_collections]]
who = "Makoto Kato <m_kato@ga2.so-net.ne.jp>"
criteria = "safe-to-deploy"
version = "1.2.0"
notes = "This crate is used by ICU4X for internal data structure. There is no fileaccess and network access. This uses unsafe block, but we confirm data is valid before."
aggregated-from = "https://hg.mozilla.org/mozilla-central/raw-file/tip/supply-chain/audits.toml"

[[audits.mozilla.audits.icu_collections]]
who = "Makoto Kato <m_kato@ga2.so-net.ne.jp>"
criteria = "safe-to-deploy"
delta = "1.2.0 -> 1.4.0"
aggregated-from = "https://hg.mozilla.org/mozilla-central/raw-file/tip/supply-chain/audits.toml"

[[audits.mozilla.audits.icu_collections]]
who = "Makoto Kato <m_kato@ga2.so-net.ne.jp>"
criteria = "safe-to-deploy"
delta = "1.4.0 -> 1.5.0"
aggregated-from = "https://hg.mozilla.org/mozilla-central/raw-file/tip/supply-chain/audits.toml"

[[audits.mozilla.audits.icu_locid]]
who = "Makoto Kato <m_kato@ga2.so-net.ne.jp>"
criteria = "safe-to-deploy"
version = "1.2.0"
notes = "This has unsafe block to handle ascii string in utf-8 string. I've vetted the one instance of unsafe code."
aggregated-from = "https://hg.mozilla.org/mozilla-central/raw-file/tip/supply-chain/audits.toml"

[[audits.mozilla.audits.icu_locid]]
who = "Makoto Kato <m_kato@ga2.so-net.ne.jp>"
criteria = "safe-to-deploy"
delta = "1.2.0 -> 1.4.0"
aggregated-from = "https://hg.mozilla.org/mozilla-central/raw-file/tip/supply-chain/audits.toml"

[[audits.mozilla.audits.icu_locid]]
who = "Makoto Kato <m_kato@ga2.so-net.ne.jp>"
criteria = "safe-to-deploy"
delta = "1.4.0 -> 1.5.0"
aggregated-from = "https://hg.mozilla.org/mozilla-central/raw-file/tip/supply-chain/audits.toml"

[[audits.mozilla.audits.icu_normalizer]]
who = "Henri Sivonen <hsivonen@hsivonen.fi>"
criteria = "safe-to-deploy"
version = "1.5.0"
notes = "I, Henri Sivonen, am the principal author of this crate."
aggregated-from = "https://hg.mozilla.org/mozilla-central/raw-file/tip/supply-chain/audits.toml"

[[audits.mozilla.audits.icu_properties]]
who = "Jonathan Kew <jkew@mozilla.com>"
criteria = "safe-to-deploy"
version = "1.4.0"
notes = "This is used by ICU4X for character property lookup. The few (4) usages of unsafe have comments clarifying their safety."
aggregated-from = "https://hg.mozilla.org/mozilla-central/raw-file/tip/supply-chain/audits.toml"

[[audits.mozilla.audits.icu_properties]]
who = "Makoto Kato <m_kato@ga2.so-net.ne.jp>"
criteria = "safe-to-deploy"
delta = "1.4.0 -> 1.5.0"
aggregated-from = "https://hg.mozilla.org/mozilla-central/raw-file/tip/supply-chain/audits.toml"

[[audits.mozilla.audits.icu_properties_data]]
who = "Jonathan Kew <jkew@mozilla.com>"
criteria = "safe-to-deploy"
version = "1.4.0"
notes = "Compile-time static data for the icu_properties crate."
aggregated-from = "https://hg.mozilla.org/mozilla-central/raw-file/tip/supply-chain/audits.toml"

[[audits.mozilla.audits.icu_properties_data]]
who = "Makoto Kato <m_kato@ga2.so-net.ne.jp>"
criteria = "safe-to-deploy"
delta = "1.4.0 -> 1.5.0"
aggregated-from = "https://hg.mozilla.org/mozilla-central/raw-file/tip/supply-chain/audits.toml"

[[audits.mozilla.audits.percent-encoding]]
who = "Valentin Gosu <valentin.gosu@gmail.com>"
criteria = "safe-to-deploy"
delta = "2.3.0 -> 2.3.1"
aggregated-from = "https://hg.mozilla.org/mozilla-central/raw-file/tip/supply-chain/audits.toml"

[[audits.mozilla.audits.smallvec]]
who = "Mike Hommey <mh+mozilla@glandium.org>"
criteria = "safe-to-deploy"
delta = "1.8.0 -> 1.9.0"
aggregated-from = "https://hg.mozilla.org/mozilla-central/raw-file/tip/supply-chain/audits.toml"

[[audits.mozilla.audits.smallvec]]
who = "Mike Hommey <mh+mozilla@glandium.org>"
criteria = "safe-to-deploy"
delta = "1.9.0 -> 1.10.0"
aggregated-from = "https://hg.mozilla.org/mozilla-central/raw-file/tip/supply-chain/audits.toml"

[[audits.mozilla.audits.url]]
who = "Valentin Gosu <valentin.gosu@gmail.com>"
criteria = "safe-to-deploy"
version = "2.4.0"
aggregated-from = "https://hg.mozilla.org/mozilla-central/raw-file/tip/supply-chain/audits.toml"

[[audits.mozilla.audits.url]]
who = "Valentin Gosu <valentin.gosu@gmail.com>"
criteria = "safe-to-deploy"
delta = "2.4.0 -> 2.4.1"
aggregated-from = "https://hg.mozilla.org/mozilla-central/raw-file/tip/supply-chain/audits.toml"

[[audits.mozilla.audits.url]]
who = "Valentin Gosu <valentin.gosu@gmail.com>"
criteria = "safe-to-deploy"
delta = "2.4.1 -> 2.5.0"
aggregated-from = "https://hg.mozilla.org/mozilla-central/raw-file/tip/supply-chain/audits.toml"

[[audits.mozilla.audits.url]]
who = "Henri Sivonen <hsivonen@hsivonen.fi>"
criteria = "safe-to-deploy"
delta = "2.5.0 -> 2.5.1"
aggregated-from = "https://hg.mozilla.org/mozilla-central/raw-file/tip/supply-chain/audits.toml"

[[audits.mozilla.audits.url]]
who = "Valentin Gosu <valentin.gosu@gmail.com>"
criteria = "safe-to-deploy"
delta = "2.5.1 -> 2.5.4"
aggregated-from = "https://hg.mozilla.org/mozilla-central/raw-file/tip/supply-chain/audits.toml"

[[audits.mozilla.audits.zerovec]]
who = "Makoto Kato <m_kato@ga2.so-net.ne.jp>"
criteria = "safe-to-deploy"
version = "0.9.4"
notes = "This crate is zero-copy data structure implmentation. Although this uses unsafe block in several code, it requires for zero-copy. And this has a comment in code why this uses unsafe and I audited code."
aggregated-from = "https://hg.mozilla.org/mozilla-central/raw-file/tip/supply-chain/audits.toml"

[[audits.mozilla.audits.zerovec]]
who = "Makoto Kato <m_kato@ga2.so-net.ne.jp>"
criteria = "safe-to-deploy"
delta = "0.9.4 -> 0.10.1"
aggregated-from = "https://hg.mozilla.org/mozilla-central/raw-file/tip/supply-chain/audits.toml"

[[audits.mozilla.audits.zerovec]]
who = "Makoto Kato <m_kato@ga2.so-net.ne.jp>"
criteria = "safe-to-deploy"
delta = "0.10.1 -> 0.10.2"
aggregated-from = "https://hg.mozilla.org/mozilla-central/raw-file/tip/supply-chain/audits.toml"

[[audits.mozilla.audits.zerovec]]
who = "Mike Hommey <mh+mozilla@glandium.org>"
criteria = "safe-to-deploy"
delta = "0.10.2 -> 0.10.4"
aggregated-from = "https://hg.mozilla.org/mozilla-central/raw-file/tip/supply-chain/audits.toml"

[[audits.swsnr.audits.unicode-ident]]
who = "Sebastian Wiesner <sebastian@swsnr.de>"
criteria = "safe-to-deploy"
delta = "1.0.15 -> 1.0.16"
aggregated-from = "https://raw.githubusercontent.com/swsnr/turnon/refs/heads/main/supply-chain/audits.toml"
